
Microsoft Visual Studio Solution File, Format Version 12.00
# Visual Studio 15
VisualStudioVersion = 15.0.28307.572
MinimumVisualStudioVersion = 10.0.40219.1
Project("{FAE04EC0-301F-11D3-BF4B-00C04F79EFBC}") = "MhmdKoeik-HomeWork3", "MhmdKoeik-HomeWork3\MhmdKoeik-HomeWork3.csproj", "{FF7D8A4C-EC0B-463B-B82E-CBA4B1819756}"
EndProject
Global
	GlobalSection(SolutionConfigurationPlatforms) = preSolution
		Debug|Any CPU = Debug|Any CPU
		Release|Any CPU = Release|Any CPU
	EndGlobalSection
	GlobalSection(ProjectConfigurationPlatforms) = postSolution
		{FF7D8A4C-EC0B-463B-B82E-CBA4B1819756}.Debug|Any CPU.ActiveCfg = Debug|Any CPU
		{FF7D8A4C-EC0B-463B-B82E-CBA4B1819756}.Debug|Any CPU.Build.0 = Debug|Any CPU
		{FF7D8A4C-EC0B-463B-B82E-CBA4B1819756}.Release|Any CPU.ActiveCfg = Release|Any CPU
		{FF7D8A4C-EC0B-463B-B82E-CBA4B1819756}.Release|Any CPU.Build.0 = Release|Any CPU
	EndGlobalSection
	GlobalSection(SolutionProperties) = preSolution
		HideSolutionNode = FALSE
	EndGlobalSection
	GlobalSection(ExtensibilityGlobals) = postSolution
		SolutionGuid = {612BB27A-399A-4409-A8CC-34E643C65896}
	EndGlobalSection
EndGlobal
